// !$*UTF8*$!
{
	archiveVersion = 1;
	classes = {
	};
	objectVersion = 56;
	objects = {

/* Begin PBXBuildFile section */
		60D9F9162AE1F9C000B80E77 /* StarWarsEncyclopediaApp.swift in Sources */ = {isa = PBXBuildFile; fileRef = 60D9F9152AE1F9C000B80E77 /* StarWarsEncyclopediaApp.swift */; };
		60D9F91A2AE1F9C300B80E77 /* Assets.xcassets in Resources */ = {isa = PBXBuildFile; fileRef = 60D9F9192AE1F9C300B80E77 /* Assets.xcassets */; };
		60D9F91D2AE1F9C300B80E77 /* Preview Assets.xcassets in Resources */ = {isa = PBXBuildFile; fileRef = 60D9F91C2AE1F9C300B80E77 /* Preview Assets.xcassets */; };
		60D9F9272AE1F9C400B80E77 /* StarWarsEncyclopediaTests.swift in Sources */ = {isa = PBXBuildFile; fileRef = 60D9F9262AE1F9C400B80E77 /* StarWarsEncyclopediaTests.swift */; };
		60D9F9312AE1F9C400B80E77 /* StarWarsEncyclopediaUITests.swift in Sources */ = {isa = PBXBuildFile; fileRef = 60D9F9302AE1F9C400B80E77 /* StarWarsEncyclopediaUITests.swift */; };
		60D9F9332AE1F9C400B80E77 /* StarWarsEncyclopediaUITestsLaunchTests.swift in Sources */ = {isa = PBXBuildFile; fileRef = 60D9F9322AE1F9C400B80E77 /* StarWarsEncyclopediaUITestsLaunchTests.swift */; };
		C74F57BF2B94D59A00A3CEE2 /* ChangePageButtonView.swift in Sources */ = {isa = PBXBuildFile; fileRef = C74F57BE2B94D59A00A3CEE2 /* ChangePageButtonView.swift */; };
		C783A1612B40DC6600039328 /* CharactersView.swift in Sources */ = {isa = PBXBuildFile; fileRef = C783A1602B40DC6600039328 /* CharactersView.swift */; };
		C783A1632B4150E000039328 /* CharacterCellView.swift in Sources */ = {isa = PBXBuildFile; fileRef = C783A1622B4150E000039328 /* CharacterCellView.swift */; };
		C783A1652B41516800039328 /* MockCharacterGenerator.swift in Sources */ = {isa = PBXBuildFile; fileRef = C783A1642B41516800039328 /* MockCharacterGenerator.swift */; };
		C783A1672B4154B900039328 /* CustomImaging.swift in Sources */ = {isa = PBXBuildFile; fileRef = C783A1662B4154B900039328 /* CustomImaging.swift */; };
		C783A16A2B42257500039328 /* SpaceBackgroundView.swift in Sources */ = {isa = PBXBuildFile; fileRef = C783A1692B42257500039328 /* SpaceBackgroundView.swift */; };
		C783A16C2B428D8000039328 /* HomeView.swift in Sources */ = {isa = PBXBuildFile; fileRef = C783A16B2B428D8000039328 /* HomeView.swift */; };
		C783A1712B4294FD00039328 /* NavigationBarConfiguration.swift in Sources */ = {isa = PBXBuildFile; fileRef = C783A1702B4294FD00039328 /* NavigationBarConfiguration.swift */; };
		C7B910752B3FF73E00CCEAB4 /* CustomTypography.swift in Sources */ = {isa = PBXBuildFile; fileRef = C7B910742B3FF73E00CCEAB4 /* CustomTypography.swift */; };
		C7B910772B3FFCCA00CCEAB4 /* CustomColor.swift in Sources */ = {isa = PBXBuildFile; fileRef = C7B910762B3FFCCA00CCEAB4 /* CustomColor.swift */; };
		C7D639FD2B55DC4100583C8D /* MockJson.swift in Sources */ = {isa = PBXBuildFile; fileRef = C7D639FC2B55DC4100583C8D /* MockJson.swift */; };
		C7D639FF2B55E2D500583C8D /* CharacterService.swift in Sources */ = {isa = PBXBuildFile; fileRef = C7D639FE2B55E2D500583C8D /* CharacterService.swift */; };
		C7D63A022B55E34400583C8D /* Endpoint.swift in Sources */ = {isa = PBXBuildFile; fileRef = C7D63A012B55E34400583C8D /* Endpoint.swift */; };
		C7D63A042B561A9000583C8D /* CustomSystemAlert.swift in Sources */ = {isa = PBXBuildFile; fileRef = C7D63A032B561A9000583C8D /* CustomSystemAlert.swift */; };
		C7D63A072B56298500583C8D /* CharactersViewModel.swift in Sources */ = {isa = PBXBuildFile; fileRef = C7D63A062B56298500583C8D /* CharactersViewModel.swift */; };
		C7F7212C2B917DD000F71288 /* SoloistStraight.otf in Resources */ = {isa = PBXBuildFile; fileRef = C7F7212B2B917DD000F71288 /* SoloistStraight.otf */; };
		C7F7212E2B91803900F71288 /* CharacterImageService.swift in Sources */ = {isa = PBXBuildFile; fileRef = C7F7212D2B91803900F71288 /* CharacterImageService.swift */; };
		C7F721302B91824800F71288 /* CharacterImageModel.swift in Sources */ = {isa = PBXBuildFile; fileRef = C7F7212F2B91824800F71288 /* CharacterImageModel.swift */; };
		C7F7C0542B3E888C006C6B5F /* CharacterModel.swift in Sources */ = {isa = PBXBuildFile; fileRef = C7F7C0532B3E888C006C6B5F /* CharacterModel.swift */; };
		C7F7C0572B3E8AE9006C6B5F /* MockCharacterModelGenerator.swift in Sources */ = {isa = PBXBuildFile; fileRef = C7F7C0562B3E8AE9006C6B5F /* MockCharacterModelGenerator.swift */; };
		C7F7C0592B3E8AFD006C6B5F /* Character.swift in Sources */ = {isa = PBXBuildFile; fileRef = C7F7C0582B3E8AFD006C6B5F /* Character.swift */; };
		C7F7C05B2B3E8B33006C6B5F /* StructGenerator.swift in Sources */ = {isa = PBXBuildFile; fileRef = C7F7C05A2B3E8B33006C6B5F /* StructGenerator.swift */; };
		C7F7C05F2B3E9073006C6B5F /* CharacterDetailedView.swift in Sources */ = {isa = PBXBuildFile; fileRef = C7F7C05E2B3E9073006C6B5F /* CharacterDetailedView.swift */; };
/* End PBXBuildFile section */

/* Begin PBXContainerItemProxy section */
		60D9F9232AE1F9C400B80E77 /* PBXContainerItemProxy */ = {
			isa = PBXContainerItemProxy;
			containerPortal = 60D9F90A2AE1F9BF00B80E77 /* Project object */;
			proxyType = 1;
			remoteGlobalIDString = 60D9F9112AE1F9C000B80E77;
			remoteInfo = StarWarsEncyclopedia;
		};
		60D9F92D2AE1F9C400B80E77 /* PBXContainerItemProxy */ = {
			isa = PBXContainerItemProxy;
			containerPortal = 60D9F90A2AE1F9BF00B80E77 /* Project object */;
			proxyType = 1;
			remoteGlobalIDString = 60D9F9112AE1F9C000B80E77;
			remoteInfo = StarWarsEncyclopedia;
		};
/* End PBXContainerItemProxy section */

/* Begin PBXFileReference section */
		60D9F9122AE1F9C000B80E77 /* StarWarsEncyclopedia.app */ = {isa = PBXFileReference; explicitFileType = wrapper.application; includeInIndex = 0; path = StarWarsEncyclopedia.app; sourceTree = BUILT_PRODUCTS_DIR; };
		60D9F9152AE1F9C000B80E77 /* StarWarsEncyclopediaApp.swift */ = {isa = PBXFileReference; lastKnownFileType = sourcecode.swift; path = StarWarsEncyclopediaApp.swift; sourceTree = "<group>"; };
		60D9F9192AE1F9C300B80E77 /* Assets.xcassets */ = {isa = PBXFileReference; lastKnownFileType = folder.assetcatalog; path = Assets.xcassets; sourceTree = "<group>"; };
		60D9F91C2AE1F9C300B80E77 /* Preview Assets.xcassets */ = {isa = PBXFileReference; lastKnownFileType = folder.assetcatalog; path = "Preview Assets.xcassets"; sourceTree = "<group>"; };
		60D9F9222AE1F9C400B80E77 /* StarWarsEncyclopediaTests.xctest */ = {isa = PBXFileReference; explicitFileType = wrapper.cfbundle; includeInIndex = 0; path = StarWarsEncyclopediaTests.xctest; sourceTree = BUILT_PRODUCTS_DIR; };
		60D9F9262AE1F9C400B80E77 /* StarWarsEncyclopediaTests.swift */ = {isa = PBXFileReference; lastKnownFileType = sourcecode.swift; path = StarWarsEncyclopediaTests.swift; sourceTree = "<group>"; };
		60D9F92C2AE1F9C400B80E77 /* StarWarsEncyclopediaUITests.xctest */ = {isa = PBXFileReference; explicitFileType = wrapper.cfbundle; includeInIndex = 0; path = StarWarsEncyclopediaUITests.xctest; sourceTree = BUILT_PRODUCTS_DIR; };
		60D9F9302AE1F9C400B80E77 /* StarWarsEncyclopediaUITests.swift */ = {isa = PBXFileReference; lastKnownFileType = sourcecode.swift; path = StarWarsEncyclopediaUITests.swift; sourceTree = "<group>"; };
		60D9F9322AE1F9C400B80E77 /* StarWarsEncyclopediaUITestsLaunchTests.swift */ = {isa = PBXFileReference; lastKnownFileType = sourcecode.swift; path = StarWarsEncyclopediaUITestsLaunchTests.swift; sourceTree = "<group>"; };
		C74F57BE2B94D59A00A3CEE2 /* ChangePageButtonView.swift */ = {isa = PBXFileReference; lastKnownFileType = sourcecode.swift; path = ChangePageButtonView.swift; sourceTree = "<group>"; };
		C783A1602B40DC6600039328 /* CharactersView.swift */ = {isa = PBXFileReference; lastKnownFileType = sourcecode.swift; path = CharactersView.swift; sourceTree = "<group>"; };
		C783A1622B4150E000039328 /* CharacterCellView.swift */ = {isa = PBXFileReference; lastKnownFileType = sourcecode.swift; path = CharacterCellView.swift; sourceTree = "<group>"; };
		C783A1642B41516800039328 /* MockCharacterGenerator.swift */ = {isa = PBXFileReference; lastKnownFileType = sourcecode.swift; path = MockCharacterGenerator.swift; sourceTree = "<group>"; };
		C783A1662B4154B900039328 /* CustomImaging.swift */ = {isa = PBXFileReference; lastKnownFileType = sourcecode.swift; path = CustomImaging.swift; sourceTree = "<group>"; };
		C783A1692B42257500039328 /* SpaceBackgroundView.swift */ = {isa = PBXFileReference; lastKnownFileType = sourcecode.swift; path = SpaceBackgroundView.swift; sourceTree = "<group>"; };
		C783A16B2B428D8000039328 /* HomeView.swift */ = {isa = PBXFileReference; lastKnownFileType = sourcecode.swift; path = HomeView.swift; sourceTree = "<group>"; };
		C783A1702B4294FD00039328 /* NavigationBarConfiguration.swift */ = {isa = PBXFileReference; lastKnownFileType = sourcecode.swift; path = NavigationBarConfiguration.swift; sourceTree = "<group>"; };
		C7B910742B3FF73E00CCEAB4 /* CustomTypography.swift */ = {isa = PBXFileReference; lastKnownFileType = sourcecode.swift; path = CustomTypography.swift; sourceTree = "<group>"; };
		C7B910762B3FFCCA00CCEAB4 /* CustomColor.swift */ = {isa = PBXFileReference; lastKnownFileType = sourcecode.swift; path = CustomColor.swift; sourceTree = "<group>"; };
		C7D639FC2B55DC4100583C8D /* MockJson.swift */ = {isa = PBXFileReference; lastKnownFileType = sourcecode.swift; path = MockJson.swift; sourceTree = "<group>"; };
		C7D639FE2B55E2D500583C8D /* CharacterService.swift */ = {isa = PBXFileReference; lastKnownFileType = sourcecode.swift; path = CharacterService.swift; sourceTree = "<group>"; };
		C7D63A012B55E34400583C8D /* Endpoint.swift */ = {isa = PBXFileReference; lastKnownFileType = sourcecode.swift; path = Endpoint.swift; sourceTree = "<group>"; };
		C7D63A032B561A9000583C8D /* CustomSystemAlert.swift */ = {isa = PBXFileReference; lastKnownFileType = sourcecode.swift; path = CustomSystemAlert.swift; sourceTree = "<group>"; };
		C7D63A062B56298500583C8D /* CharactersViewModel.swift */ = {isa = PBXFileReference; lastKnownFileType = sourcecode.swift; path = CharactersViewModel.swift; sourceTree = "<group>"; };
		C7F7212B2B917DD000F71288 /* SoloistStraight.otf */ = {isa = PBXFileReference; lastKnownFileType = file; path = SoloistStraight.otf; sourceTree = "<group>"; };
		C7F7212D2B91803900F71288 /* CharacterImageService.swift */ = {isa = PBXFileReference; lastKnownFileType = sourcecode.swift; path = CharacterImageService.swift; sourceTree = "<group>"; };
		C7F7212F2B91824800F71288 /* CharacterImageModel.swift */ = {isa = PBXFileReference; lastKnownFileType = sourcecode.swift; path = CharacterImageModel.swift; sourceTree = "<group>"; };
		C7F7C0532B3E888C006C6B5F /* CharacterModel.swift */ = {isa = PBXFileReference; lastKnownFileType = sourcecode.swift; path = CharacterModel.swift; sourceTree = "<group>"; };
		C7F7C0562B3E8AE9006C6B5F /* MockCharacterModelGenerator.swift */ = {isa = PBXFileReference; lastKnownFileType = sourcecode.swift; path = MockCharacterModelGenerator.swift; sourceTree = "<group>"; };
		C7F7C0582B3E8AFD006C6B5F /* Character.swift */ = {isa = PBXFileReference; lastKnownFileType = sourcecode.swift; path = Character.swift; sourceTree = "<group>"; };
		C7F7C05A2B3E8B33006C6B5F /* StructGenerator.swift */ = {isa = PBXFileReference; lastKnownFileType = sourcecode.swift; path = StructGenerator.swift; sourceTree = "<group>"; };
		C7F7C05E2B3E9073006C6B5F /* CharacterDetailedView.swift */ = {isa = PBXFileReference; lastKnownFileType = sourcecode.swift; path = CharacterDetailedView.swift; sourceTree = "<group>"; };
		C7F7C0642B3EA340006C6B5F /* Info.plist */ = {isa = PBXFileReference; lastKnownFileType = text.plist.xml; path = Info.plist; sourceTree = "<group>"; };
/* End PBXFileReference section */

/* Begin PBXFrameworksBuildPhase section */
		60D9F90F2AE1F9C000B80E77 /* Frameworks */ = {
			isa = PBXFrameworksBuildPhase;
			buildActionMask = 2147483647;
			files = (
			);
			runOnlyForDeploymentPostprocessing = 0;
		};
		60D9F91F2AE1F9C400B80E77 /* Frameworks */ = {
			isa = PBXFrameworksBuildPhase;
			buildActionMask = 2147483647;
			files = (
			);
			runOnlyForDeploymentPostprocessing = 0;
		};
		60D9F9292AE1F9C400B80E77 /* Frameworks */ = {
			isa = PBXFrameworksBuildPhase;
			buildActionMask = 2147483647;
			files = (
			);
			runOnlyForDeploymentPostprocessing = 0;
		};
/* End PBXFrameworksBuildPhase section */

/* Begin PBXGroup section */
		60D9F9092AE1F9BF00B80E77 = {
			isa = PBXGroup;
			children = (
				60D9F9142AE1F9C000B80E77 /* StarWarsEncyclopedia */,
				60D9F9252AE1F9C400B80E77 /* StarWarsEncyclopediaTests */,
				60D9F92F2AE1F9C400B80E77 /* StarWarsEncyclopediaUITests */,
				60D9F9132AE1F9C000B80E77 /* Products */,
			);
			sourceTree = "<group>";
		};
		60D9F9132AE1F9C000B80E77 /* Products */ = {
			isa = PBXGroup;
			children = (
				60D9F9122AE1F9C000B80E77 /* StarWarsEncyclopedia.app */,
				60D9F9222AE1F9C400B80E77 /* StarWarsEncyclopediaTests.xctest */,
				60D9F92C2AE1F9C400B80E77 /* StarWarsEncyclopediaUITests.xctest */,
			);
			name = Products;
			sourceTree = "<group>";
		};
		60D9F9142AE1F9C000B80E77 /* StarWarsEncyclopedia */ = {
			isa = PBXGroup;
			children = (
				C7D63A002B55E2DC00583C8D /* API */,
				C7F7C0552B3E8AC0006C6B5F /* Mocks */,
				C7F7C0522B3E8876006C6B5F /* Models */,
				C7F7C05C2B3E905F006C6B5F /* Presentation */,
				60D9F91B2AE1F9C300B80E77 /* Preview Content */,
				C7F7C0602B3E9632006C6B5F /* Resources */,
				C783A1682B4156D700039328 /* Settings */,
				60D9F9152AE1F9C000B80E77 /* StarWarsEncyclopediaApp.swift */,
				C7D63A052B56297400583C8D /* ViewModels */,
			);
			path = StarWarsEncyclopedia;
			sourceTree = "<group>";
		};
		60D9F91B2AE1F9C300B80E77 /* Preview Content */ = {
			isa = PBXGroup;
			children = (
				60D9F91C2AE1F9C300B80E77 /* Preview Assets.xcassets */,
			);
			path = "Preview Content";
			sourceTree = "<group>";
		};
		60D9F9252AE1F9C400B80E77 /* StarWarsEncyclopediaTests */ = {
			isa = PBXGroup;
			children = (
				60D9F9262AE1F9C400B80E77 /* StarWarsEncyclopediaTests.swift */,
			);
			path = StarWarsEncyclopediaTests;
			sourceTree = "<group>";
		};
		60D9F92F2AE1F9C400B80E77 /* StarWarsEncyclopediaUITests */ = {
			isa = PBXGroup;
			children = (
				60D9F9302AE1F9C400B80E77 /* StarWarsEncyclopediaUITests.swift */,
				60D9F9322AE1F9C400B80E77 /* StarWarsEncyclopediaUITestsLaunchTests.swift */,
			);
			path = StarWarsEncyclopediaUITests;
			sourceTree = "<group>";
		};
		C783A1682B4156D700039328 /* Settings */ = {
			isa = PBXGroup;
			children = (
				C7F7C0642B3EA340006C6B5F /* Info.plist */,
			);
			path = Settings;
			sourceTree = "<group>";
		};
		C783A16D2B4294CE00039328 /* Utils */ = {
			isa = PBXGroup;
			children = (
				C7D63A032B561A9000583C8D /* CustomSystemAlert.swift */,
				C783A1702B4294FD00039328 /* NavigationBarConfiguration.swift */,
			);
			path = Utils;
			sourceTree = "<group>";
		};
		C7D63A002B55E2DC00583C8D /* API */ = {
			isa = PBXGroup;
			children = (
				C7F7212D2B91803900F71288 /* CharacterImageService.swift */,
				C7D639FE2B55E2D500583C8D /* CharacterService.swift */,
				C7D63A012B55E34400583C8D /* Endpoint.swift */,
			);
			path = API;
			sourceTree = "<group>";
		};
		C7D63A052B56297400583C8D /* ViewModels */ = {
			isa = PBXGroup;
			children = (
				C7D63A062B56298500583C8D /* CharactersViewModel.swift */,
			);
			path = ViewModels;
			sourceTree = "<group>";
		};
		C7F7C0522B3E8876006C6B5F /* Models */ = {
			isa = PBXGroup;
			children = (
				C7F7C0582B3E8AFD006C6B5F /* Character.swift */,
				C7F7212F2B91824800F71288 /* CharacterImageModel.swift */,
				C7F7C0532B3E888C006C6B5F /* CharacterModel.swift */,
			);
			path = Models;
			sourceTree = "<group>";
		};
		C7F7C0552B3E8AC0006C6B5F /* Mocks */ = {
			isa = PBXGroup;
			children = (
				C783A1642B41516800039328 /* MockCharacterGenerator.swift */,
				C7F7C0562B3E8AE9006C6B5F /* MockCharacterModelGenerator.swift */,
				C7F7C05A2B3E8B33006C6B5F /* StructGenerator.swift */,
				C7D639FC2B55DC4100583C8D /* MockJson.swift */,
			);
			path = Mocks;
			sourceTree = "<group>";
		};
		C7F7C05C2B3E905F006C6B5F /* Presentation */ = {
			isa = PBXGroup;
			children = (
				C783A16D2B4294CE00039328 /* Utils */,
				C7F7C05D2B3E9066006C6B5F /* Views */,
			);
			path = Presentation;
			sourceTree = "<group>";
		};
		C7F7C05D2B3E9066006C6B5F /* Views */ = {
			isa = PBXGroup;
			children = (
				C74F57BE2B94D59A00A3CEE2 /* ChangePageButtonView.swift */,
				C783A1622B4150E000039328 /* CharacterCellView.swift */,
				C7F7C05E2B3E9073006C6B5F /* CharacterDetailedView.swift */,
				C783A1602B40DC6600039328 /* CharactersView.swift */,
				C783A16B2B428D8000039328 /* HomeView.swift */,
				C783A1692B42257500039328 /* SpaceBackgroundView.swift */,
			);
			path = Views;
			sourceTree = "<group>";
		};
		C7F7C0602B3E9632006C6B5F /* Resources */ = {
			isa = PBXGroup;
			children = (
				60D9F9192AE1F9C300B80E77 /* Assets.xcassets */,
				C7B910762B3FFCCA00CCEAB4 /* CustomColor.swift */,
				C783A1662B4154B900039328 /* CustomImaging.swift */,
				C7B910742B3FF73E00CCEAB4 /* CustomTypography.swift */,
				C7F7C0612B3EA27D006C6B5F /* Fonts */,
			);
			path = Resources;
			sourceTree = "<group>";
		};
		C7F7C0612B3EA27D006C6B5F /* Fonts */ = {
			isa = PBXGroup;
			children = (
				C7F7212B2B917DD000F71288 /* SoloistStraight.otf */,
			);
			path = Fonts;
			sourceTree = "<group>";
		};
/* End PBXGroup section */

/* Begin PBXNativeTarget section */
		60D9F9112AE1F9C000B80E77 /* StarWarsEncyclopedia */ = {
			isa = PBXNativeTarget;
			buildConfigurationList = 60D9F9362AE1F9C400B80E77 /* Build configuration list for PBXNativeTarget "StarWarsEncyclopedia" */;
			buildPhases = (
				60D9F90E2AE1F9C000B80E77 /* Sources */,
				60D9F90F2AE1F9C000B80E77 /* Frameworks */,
				60D9F9102AE1F9C000B80E77 /* Resources */,
			);
			buildRules = (
			);
			dependencies = (
			);
			name = StarWarsEncyclopedia;
			productName = StarWarsEncyclopedia;
			productReference = 60D9F9122AE1F9C000B80E77 /* StarWarsEncyclopedia.app */;
			productType = "com.apple.product-type.application";
		};
		60D9F9212AE1F9C400B80E77 /* StarWarsEncyclopediaTests */ = {
			isa = PBXNativeTarget;
			buildConfigurationList = 60D9F9392AE1F9C400B80E77 /* Build configuration list for PBXNativeTarget "StarWarsEncyclopediaTests" */;
			buildPhases = (
				60D9F91E2AE1F9C400B80E77 /* Sources */,
				60D9F91F2AE1F9C400B80E77 /* Frameworks */,
				60D9F9202AE1F9C400B80E77 /* Resources */,
			);
			buildRules = (
			);
			dependencies = (
				60D9F9242AE1F9C400B80E77 /* PBXTargetDependency */,
			);
			name = StarWarsEncyclopediaTests;
			productName = StarWarsEncyclopediaTests;
			productReference = 60D9F9222AE1F9C400B80E77 /* StarWarsEncyclopediaTests.xctest */;
			productType = "com.apple.product-type.bundle.unit-test";
		};
		60D9F92B2AE1F9C400B80E77 /* StarWarsEncyclopediaUITests */ = {
			isa = PBXNativeTarget;
			buildConfigurationList = 60D9F93C2AE1F9C400B80E77 /* Build configuration list for PBXNativeTarget "StarWarsEncyclopediaUITests" */;
			buildPhases = (
				60D9F9282AE1F9C400B80E77 /* Sources */,
				60D9F9292AE1F9C400B80E77 /* Frameworks */,
				60D9F92A2AE1F9C400B80E77 /* Resources */,
			);
			buildRules = (
			);
			dependencies = (
				60D9F92E2AE1F9C400B80E77 /* PBXTargetDependency */,
			);
			name = StarWarsEncyclopediaUITests;
			productName = StarWarsEncyclopediaUITests;
			productReference = 60D9F92C2AE1F9C400B80E77 /* StarWarsEncyclopediaUITests.xctest */;
			productType = "com.apple.product-type.bundle.ui-testing";
		};
/* End PBXNativeTarget section */

/* Begin PBXProject section */
		60D9F90A2AE1F9BF00B80E77 /* Project object */ = {
			isa = PBXProject;
			attributes = {
				BuildIndependentTargetsInParallel = 1;
				LastSwiftUpdateCheck = 1500;
				LastUpgradeCheck = 1500;
				TargetAttributes = {
					60D9F9112AE1F9C000B80E77 = {
						CreatedOnToolsVersion = 15.0.1;
					};
					60D9F9212AE1F9C400B80E77 = {
						CreatedOnToolsVersion = 15.0.1;
						TestTargetID = 60D9F9112AE1F9C000B80E77;
					};
					60D9F92B2AE1F9C400B80E77 = {
						CreatedOnToolsVersion = 15.0.1;
						TestTargetID = 60D9F9112AE1F9C000B80E77;
					};
				};
			};
			buildConfigurationList = 60D9F90D2AE1F9BF00B80E77 /* Build configuration list for PBXProject "StarWarsEncyclopedia" */;
			compatibilityVersion = "Xcode 14.0";
			developmentRegion = en;
			hasScannedForEncodings = 0;
			knownRegions = (
				en,
				Base,
			);
			mainGroup = 60D9F9092AE1F9BF00B80E77;
			productRefGroup = 60D9F9132AE1F9C000B80E77 /* Products */;
			projectDirPath = "";
			projectRoot = "";
			targets = (
				60D9F9112AE1F9C000B80E77 /* StarWarsEncyclopedia */,
				60D9F9212AE1F9C400B80E77 /* StarWarsEncyclopediaTests */,
				60D9F92B2AE1F9C400B80E77 /* StarWarsEncyclopediaUITests */,
			);
		};
/* End PBXProject section */

/* Begin PBXResourcesBuildPhase section */
		60D9F9102AE1F9C000B80E77 /* Resources */ = {
			isa = PBXResourcesBuildPhase;
			buildActionMask = 2147483647;
			files = (
				60D9F91D2AE1F9C300B80E77 /* Preview Assets.xcassets in Resources */,
				C7F7212C2B917DD000F71288 /* SoloistStraight.otf in Resources */,
				60D9F91A2AE1F9C300B80E77 /* Assets.xcassets in Resources */,
			);
			runOnlyForDeploymentPostprocessing = 0;
		};
		60D9F9202AE1F9C400B80E77 /* Resources */ = {
			isa = PBXResourcesBuildPhase;
			buildActionMask = 2147483647;
			files = (
			);
			runOnlyForDeploymentPostprocessing = 0;
		};
		60D9F92A2AE1F9C400B80E77 /* Resources */ = {
			isa = PBXResourcesBuildPhase;
			buildActionMask = 2147483647;
			files = (
			);
			runOnlyForDeploymentPostprocessing = 0;
		};
/* End PBXResourcesBuildPhase section */

/* Begin PBXSourcesBuildPhase section */
		60D9F90E2AE1F9C000B80E77 /* Sources */ = {
			isa = PBXSourcesBuildPhase;
			buildActionMask = 2147483647;
			files = (
				C7F7C05B2B3E8B33006C6B5F /* StructGenerator.swift in Sources */,
				C783A1712B4294FD00039328 /* NavigationBarConfiguration.swift in Sources */,
				C7D63A042B561A9000583C8D /* CustomSystemAlert.swift in Sources */,
				C783A16C2B428D8000039328 /* HomeView.swift in Sources */,
				C783A16A2B42257500039328 /* SpaceBackgroundView.swift in Sources */,
				C7D639FD2B55DC4100583C8D /* MockJson.swift in Sources */,
				C7F7C0542B3E888C006C6B5F /* CharacterModel.swift in Sources */,
				C7B910752B3FF73E00CCEAB4 /* CustomTypography.swift in Sources */,
				C7F7212E2B91803900F71288 /* CharacterImageService.swift in Sources */,
				C7F7C0592B3E8AFD006C6B5F /* Character.swift in Sources */,
				C783A1652B41516800039328 /* MockCharacterGenerator.swift in Sources */,
				C783A1632B4150E000039328 /* CharacterCellView.swift in Sources */,
				60D9F9162AE1F9C000B80E77 /* StarWarsEncyclopediaApp.swift in Sources */,
				C783A1612B40DC6600039328 /* CharactersView.swift in Sources */,
				C7D63A072B56298500583C8D /* CharactersViewModel.swift in Sources */,
				C7F7C0572B3E8AE9006C6B5F /* MockCharacterModelGenerator.swift in Sources */,
				C783A1672B4154B900039328 /* CustomImaging.swift in Sources */,
				C7F7C05F2B3E9073006C6B5F /* CharacterDetailedView.swift in Sources */,
				C74F57BF2B94D59A00A3CEE2 /* ChangePageButtonView.swift in Sources */,
				C7B910772B3FFCCA00CCEAB4 /* CustomColor.swift in Sources */,
				C7D63A022B55E34400583C8D /* Endpoint.swift in Sources */,
				C7D639FF2B55E2D500583C8D /* CharacterService.swift in Sources */,
				C7F721302B91824800F71288 /* CharacterImageModel.swift in Sources */,
			);
			runOnlyForDeploymentPostprocessing = 0;
		};
		60D9F91E2AE1F9C400B80E77 /* Sources */ = {
			isa = PBXSourcesBuildPhase;
			buildActionMask = 2147483647;
			files = (
				60D9F9272AE1F9C400B80E77 /* StarWarsEncyclopediaTests.swift in Sources */,
			);
			runOnlyForDeploymentPostprocessing = 0;
		};
		60D9F9282AE1F9C400B80E77 /* Sources */ = {
			isa = PBXSourcesBuildPhase;
			buildActionMask = 2147483647;
			files = (
				60D9F9312AE1F9C400B80E77 /* StarWarsEncyclopediaUITests.swift in Sources */,
				60D9F9332AE1F9C400B80E77 /* StarWarsEncyclopediaUITestsLaunchTests.swift in Sources */,
			);
			runOnlyForDeploymentPostprocessing = 0;
		};
/* End PBXSourcesBuildPhase section */

/* Begin PBXTargetDependency section */
		60D9F9242AE1F9C400B80E77 /* PBXTargetDependency */ = {
			isa = PBXTargetDependency;
			target = 60D9F9112AE1F9C000B80E77 /* StarWarsEncyclopedia */;
			targetProxy = 60D9F9232AE1F9C400B80E77 /* PBXContainerItemProxy */;
		};
		60D9F92E2AE1F9C400B80E77 /* PBXTargetDependency */ = {
			isa = PBXTargetDependency;
			target = 60D9F9112AE1F9C000B80E77 /* StarWarsEncyclopedia */;
			targetProxy = 60D9F92D2AE1F9C400B80E77 /* PBXContainerItemProxy */;
		};
/* End PBXTargetDependency section */

/* Begin XCBuildConfiguration section */
		60D9F9342AE1F9C400B80E77 /* Debug */ = {
			isa = XCBuildConfiguration;
			buildSettings = {
				ALWAYS_SEARCH_USER_PATHS = NO;
				ASSETCATALOG_COMPILER_GENERATE_SWIFT_ASSET_SYMBOL_EXTENSIONS = YES;
				CLANG_ANALYZER_NONNULL = YES;
				CLANG_ANALYZER_NUMBER_OBJECT_CONVERSION = YES_AGGRESSIVE;
				CLANG_CXX_LANGUAGE_STANDARD = "gnu++20";
				CLANG_ENABLE_MODULES = YES;
				CLANG_ENABLE_OBJC_ARC = YES;
				CLANG_ENABLE_OBJC_WEAK = YES;
				CLANG_WARN_BLOCK_CAPTURE_AUTORELEASING = YES;
				CLANG_WARN_BOOL_CONVERSION = YES;
				CLANG_WARN_COMMA = YES;
				CLANG_WARN_CONSTANT_CONVERSION = YES;
				CLANG_WARN_DEPRECATED_OBJC_IMPLEMENTATIONS = YES;
				CLANG_WARN_DIRECT_OBJC_ISA_USAGE = YES_ERROR;
				CLANG_WARN_DOCUMENTATION_COMMENTS = YES;
				CLANG_WARN_EMPTY_BODY = YES;
				CLANG_WARN_ENUM_CONVERSION = YES;
				CLANG_WARN_INFINITE_RECURSION = YES;
				CLANG_WARN_INT_CONVERSION = YES;
				CLANG_WARN_NON_LITERAL_NULL_CONVERSION = YES;
				CLANG_WARN_OBJC_IMPLICIT_RETAIN_SELF = YES;
				CLANG_WARN_OBJC_LITERAL_CONVERSION = YES;
				CLANG_WARN_OBJC_ROOT_CLASS = YES_ERROR;
				CLANG_WARN_QUOTED_INCLUDE_IN_FRAMEWORK_HEADER = YES;
				CLANG_WARN_RANGE_LOOP_ANALYSIS = YES;
				CLANG_WARN_STRICT_PROTOTYPES = YES;
				CLANG_WARN_SUSPICIOUS_MOVE = YES;
				CLANG_WARN_UNGUARDED_AVAILABILITY = YES_AGGRESSIVE;
				CLANG_WARN_UNREACHABLE_CODE = YES;
				CLANG_WARN__DUPLICATE_METHOD_MATCH = YES;
				COPY_PHASE_STRIP = NO;
				DEBUG_INFORMATION_FORMAT = dwarf;
				ENABLE_STRICT_OBJC_MSGSEND = YES;
				ENABLE_TESTABILITY = YES;
				ENABLE_USER_SCRIPT_SANDBOXING = YES;
				GCC_C_LANGUAGE_STANDARD = gnu17;
				GCC_DYNAMIC_NO_PIC = NO;
				GCC_NO_COMMON_BLOCKS = YES;
				GCC_OPTIMIZATION_LEVEL = 0;
				GCC_PREPROCESSOR_DEFINITIONS = (
					"DEBUG=1",
					"$(inherited)",
				);
				GCC_WARN_64_TO_32_BIT_CONVERSION = YES;
				GCC_WARN_ABOUT_RETURN_TYPE = YES_ERROR;
				GCC_WARN_UNDECLARED_SELECTOR = YES;
				GCC_WARN_UNINITIALIZED_AUTOS = YES_AGGRESSIVE;
				GCC_WARN_UNUSED_FUNCTION = YES;
				GCC_WARN_UNUSED_VARIABLE = YES;
				IPHONEOS_DEPLOYMENT_TARGET = 17.0;
				LOCALIZATION_PREFERS_STRING_CATALOGS = YES;
				MTL_ENABLE_DEBUG_INFO = INCLUDE_SOURCE;
				MTL_FAST_MATH = YES;
				ONLY_ACTIVE_ARCH = YES;
				SDKROOT = iphoneos;
				SWIFT_ACTIVE_COMPILATION_CONDITIONS = "DEBUG $(inherited)";
				SWIFT_OPTIMIZATION_LEVEL = "-Onone";
			};
			name = Debug;
		};
		60D9F9352AE1F9C400B80E77 /* Release */ = {
			isa = XCBuildConfiguration;
			buildSettings = {
				ALWAYS_SEARCH_USER_PATHS = NO;
				ASSETCATALOG_COMPILER_GENERATE_SWIFT_ASSET_SYMBOL_EXTENSIONS = YES;
				CLANG_ANALYZER_NONNULL = YES;
				CLANG_ANALYZER_NUMBER_OBJECT_CONVERSION = YES_AGGRESSIVE;
				CLANG_CXX_LANGUAGE_STANDARD = "gnu++20";
				CLANG_ENABLE_MODULES = YES;
				CLANG_ENABLE_OBJC_ARC = YES;
				CLANG_ENABLE_OBJC_WEAK = YES;
				CLANG_WARN_BLOCK_CAPTURE_AUTORELEASING = YES;
				CLANG_WARN_BOOL_CONVERSION = YES;
				CLANG_WARN_COMMA = YES;
				CLANG_WARN_CONSTANT_CONVERSION = YES;
				CLANG_WARN_DEPRECATED_OBJC_IMPLEMENTATIONS = YES;
				CLANG_WARN_DIRECT_OBJC_ISA_USAGE = YES_ERROR;
				CLANG_WARN_DOCUMENTATION_COMMENTS = YES;
				CLANG_WARN_EMPTY_BODY = YES;
				CLANG_WARN_ENUM_CONVERSION = YES;
				CLANG_WARN_INFINITE_RECURSION = YES;
				CLANG_WARN_INT_CONVERSION = YES;
				CLANG_WARN_NON_LITERAL_NULL_CONVERSION = YES;
				CLANG_WARN_OBJC_IMPLICIT_RETAIN_SELF = YES;
				CLANG_WARN_OBJC_LITERAL_CONVERSION = YES;
				CLANG_WARN_OBJC_ROOT_CLASS = YES_ERROR;
				CLANG_WARN_QUOTED_INCLUDE_IN_FRAMEWORK_HEADER = YES;
				CLANG_WARN_RANGE_LOOP_ANALYSIS = YES;
				CLANG_WARN_STRICT_PROTOTYPES = YES;
				CLANG_WARN_SUSPICIOUS_MOVE = YES;
				CLANG_WARN_UNGUARDED_AVAILABILITY = YES_AGGRESSIVE;
				CLANG_WARN_UNREACHABLE_CODE = YES;
				CLANG_WARN__DUPLICATE_METHOD_MATCH = YES;
				COPY_PHASE_STRIP = NO;
				DEBUG_INFORMATION_FORMAT = "dwarf-with-dsym";
				ENABLE_NS_ASSERTIONS = NO;
				ENABLE_STRICT_OBJC_MSGSEND = YES;
				ENABLE_USER_SCRIPT_SANDBOXING = YES;
				GCC_C_LANGUAGE_STANDARD = gnu17;
				GCC_NO_COMMON_BLOCKS = YES;
				GCC_WARN_64_TO_32_BIT_CONVERSION = YES;
				GCC_WARN_ABOUT_RETURN_TYPE = YES_ERROR;
				GCC_WARN_UNDECLARED_SELECTOR = YES;
				GCC_WARN_UNINITIALIZED_AUTOS = YES_AGGRESSIVE;
				GCC_WARN_UNUSED_FUNCTION = YES;
				GCC_WARN_UNUSED_VARIABLE = YES;
				IPHONEOS_DEPLOYMENT_TARGET = 17.0;
				LOCALIZATION_PREFERS_STRING_CATALOGS = YES;
				MTL_ENABLE_DEBUG_INFO = NO;
				MTL_FAST_MATH = YES;
				SDKROOT = iphoneos;
				SWIFT_COMPILATION_MODE = wholemodule;
				VALIDATE_PRODUCT = YES;
			};
			name = Release;
		};
		60D9F9372AE1F9C400B80E77 /* Debug */ = {
			isa = XCBuildConfiguration;
			buildSettings = {
				ASSETCATALOG_COMPILER_APPICON_NAME = AppIcon;
				ASSETCATALOG_COMPILER_GLOBAL_ACCENT_COLOR_NAME = AccentColor;
				CODE_SIGN_STYLE = Automatic;
				CURRENT_PROJECT_VERSION = 1;
				DEVELOPMENT_ASSET_PATHS = "\"StarWarsEncyclopedia/Preview Content\"";
				DEVELOPMENT_TEAM = YM9992AM47;
				ENABLE_PREVIEWS = YES;
				GENERATE_INFOPLIST_FILE = YES;
				INFOPLIST_FILE = StarWarsEncyclopedia/Settings/Info.plist;
				INFOPLIST_KEY_UIApplicationSceneManifest_Generation = YES;
				INFOPLIST_KEY_UIApplicationSupportsIndirectInputEvents = YES;
				INFOPLIST_KEY_UILaunchScreen_Generation = YES;
				INFOPLIST_KEY_UISupportedInterfaceOrientations_iPad = "UIInterfaceOrientationPortrait UIInterfaceOrientationPortraitUpsideDown UIInterfaceOrientationLandscapeLeft UIInterfaceOrientationLandscapeRight";
				INFOPLIST_KEY_UISupportedInterfaceOrientations_iPhone = "UIInterfaceOrientationPortrait UIInterfaceOrientationLandscapeLeft UIInterfaceOrientationLandscapeRight";
				LD_RUNPATH_SEARCH_PATHS = (
					"$(inherited)",
					"@executable_path/Frameworks",
				);
				MARKETING_VERSION = 1.0;
				PRODUCT_BUNDLE_IDENTIFIER = com.federicondeluca.StarWarsEncyclopedia;
				PRODUCT_NAME = "$(TARGET_NAME)";
				SWIFT_EMIT_LOC_STRINGS = YES;
				SWIFT_VERSION = 5.0;
				TARGETED_DEVICE_FAMILY = 1;
			};
			name = Debug;
		};
		60D9F9382AE1F9C400B80E77 /* Release */ = {
			isa = XCBuildConfiguration;
			buildSettings = {
				ASSETCATALOG_COMPILER_APPICON_NAME = AppIcon;
				ASSETCATALOG_COMPILER_GLOBAL_ACCENT_COLOR_NAME = AccentColor;
				CODE_SIGN_STYLE = Automatic;
				CURRENT_PROJECT_VERSION = 1;
				DEVELOPMENT_ASSET_PATHS = "\"StarWarsEncyclopedia/Preview Content\"";
				DEVELOPMENT_TEAM = YM9992AM47;
				ENABLE_PREVIEWS = YES;
				GENERATE_INFOPLIST_FILE = YES;
				INFOPLIST_FILE = StarWarsEncyclopedia/Settings/Info.plist;
				INFOPLIST_KEY_UIApplicationSceneManifest_Generation = YES;
				INFOPLIST_KEY_UIApplicationSupportsIndirectInputEvents = YES;
				INFOPLIST_KEY_UILaunchScreen_Generation = YES;
				INFOPLIST_KEY_UISupportedInterfaceOrientations_iPad = "UIInterfaceOrientationPortrait UIInterfaceOrientationPortraitUpsideDown UIInterfaceOrientationLandscapeLeft UIInterfaceOrientationLandscapeRight";
				INFOPLIST_KEY_UISupportedInterfaceOrientations_iPhone = "UIInterfaceOrientationPortrait UIInterfaceOrientationLandscapeLeft UIInterfaceOrientationLandscapeRight";
				LD_RUNPATH_SEARCH_PATHS = (
					"$(inherited)",
					"@executable_path/Frameworks",
				);
				MARKETING_VERSION = 1.0;
				PRODUCT_BUNDLE_IDENTIFIER = com.federicondeluca.StarWarsEncyclopedia;
				PRODUCT_NAME = "$(TARGET_NAME)";
				SWIFT_EMIT_LOC_STRINGS = YES;
				SWIFT_VERSION = 5.0;
				TARGETED_DEVICE_FAMILY = 1;
			};
			name = Release;
		};
		60D9F93A2AE1F9C400B80E77 /* Debug */ = {
			isa = XCBuildConfiguration;
			buildSettings = {
				ALWAYS_EMBED_SWIFT_STANDARD_LIBRARIES = YES;
				BUNDLE_LOADER = "$(TEST_HOST)";
				CODE_SIGN_STYLE = Automatic;
				CURRENT_PROJECT_VERSION = 1;
				DEVELOPMENT_TEAM = YM9992AM47;
				GENERATE_INFOPLIST_FILE = YES;
				IPHONEOS_DEPLOYMENT_TARGET = 17.0;
				MARKETING_VERSION = 1.0;
				PRODUCT_BUNDLE_IDENTIFIER = com.federicondeluca.StarWarsEncyclopediaTests;
				PRODUCT_NAME = "$(TARGET_NAME)";
				SWIFT_EMIT_LOC_STRINGS = NO;
				SWIFT_VERSION = 5.0;
				TARGETED_DEVICE_FAMILY = "1,2";
				TEST_HOST = "$(BUILT_PRODUCTS_DIR)/StarWarsEncyclopedia.app/$(BUNDLE_EXECUTABLE_FOLDER_PATH)/StarWarsEncyclopedia";
			};
			name = Debug;
		};
		60D9F93B2AE1F9C400B80E77 /* Release */ = {
			isa = XCBuildConfiguration;
			buildSettings = {
				ALWAYS_EMBED_SWIFT_STANDARD_LIBRARIES = YES;
				BUNDLE_LOADER = "$(TEST_HOST)";
				CODE_SIGN_STYLE = Automatic;
				CURRENT_PROJECT_VERSION = 1;
				DEVELOPMENT_TEAM = YM9992AM47;
				GENERATE_INFOPLIST_FILE = YES;
				IPHONEOS_DEPLOYMENT_TARGET = 17.0;
				MARKETING_VERSION = 1.0;
				PRODUCT_BUNDLE_IDENTIFIER = com.federicondeluca.StarWarsEncyclopediaTests;
				PRODUCT_NAME = "$(TARGET_NAME)";
				SWIFT_EMIT_LOC_STRINGS = NO;
				SWIFT_VERSION = 5.0;
				TARGETED_DEVICE_FAMILY = "1,2";
				TEST_HOST = "$(BUILT_PRODUCTS_DIR)/StarWarsEncyclopedia.app/$(BUNDLE_EXECUTABLE_FOLDER_PATH)/StarWarsEncyclopedia";
			};
			name = Release;
		};
		60D9F93D2AE1F9C400B80E77 /* Debug */ = {
			isa = XCBuildConfiguration;
			buildSettings = {
				ALWAYS_EMBED_SWIFT_STANDARD_LIBRARIES = YES;
				CODE_SIGN_STYLE = Automatic;
				CURRENT_PROJECT_VERSION = 1;
				DEVELOPMENT_TEAM = YM9992AM47;
				GENERATE_INFOPLIST_FILE = YES;
				MARKETING_VERSION = 1.0;
				PRODUCT_BUNDLE_IDENTIFIER = com.federicondeluca.StarWarsEncyclopediaUITests;
				PRODUCT_NAME = "$(TARGET_NAME)";
				SWIFT_EMIT_LOC_STRINGS = NO;
				SWIFT_VERSION = 5.0;
				TARGETED_DEVICE_FAMILY = "1,2";
				TEST_TARGET_NAME = StarWarsEncyclopedia;
			};
			name = Debug;
		};
		60D9F93E2AE1F9C400B80E77 /* Release */ = {
			isa = XCBuildConfiguration;
			buildSettings = {
				ALWAYS_EMBED_SWIFT_STANDARD_LIBRARIES = YES;
				CODE_SIGN_STYLE = Automatic;
				CURRENT_PROJECT_VERSION = 1;
				DEVELOPMENT_TEAM = YM9992AM47;
				GENERATE_INFOPLIST_FILE = YES;
				MARKETING_VERSION = 1.0;
				PRODUCT_BUNDLE_IDENTIFIER = com.federicondeluca.StarWarsEncyclopediaUITests;
				PRODUCT_NAME = "$(TARGET_NAME)";
				SWIFT_EMIT_LOC_STRINGS = NO;
				SWIFT_VERSION = 5.0;
				TARGETED_DEVICE_FAMILY = "1,2";
				TEST_TARGET_NAME = StarWarsEncyclopedia;
			};
			name = Release;
		};
/* End XCBuildConfiguration section */

/* Begin XCConfigurationList section */
		60D9F90D2AE1F9BF00B80E77 /* Build configuration list for PBXProject "StarWarsEncyclopedia" */ = {
			isa = XCConfigurationList;
			buildConfigurations = (
				60D9F9342AE1F9C400B80E77 /* Debug */,
				60D9F9352AE1F9C400B80E77 /* Release */,
			);
			defaultConfigurationIsVisible = 0;
			defaultConfigurationName = Release;
		};
		60D9F9362AE1F9C400B80E77 /* Build configuration list for PBXNativeTarget "StarWarsEncyclopedia" */ = {
			isa = XCConfigurationList;
			buildConfigurations = (
				60D9F9372AE1F9C400B80E77 /* Debug */,
				60D9F9382AE1F9C400B80E77 /* Release */,
			);
			defaultConfigurationIsVisible = 0;
			defaultConfigurationName = Release;
		};
		60D9F9392AE1F9C400B80E77 /* Build configuration list for PBXNativeTarget "StarWarsEncyclopediaTests" */ = {
			isa = XCConfigurationList;
			buildConfigurations = (
				60D9F93A2AE1F9C400B80E77 /* Debug */,
				60D9F93B2AE1F9C400B80E77 /* Release */,
			);
			defaultConfigurationIsVisible = 0;
			defaultConfigurationName = Release;
		};
		60D9F93C2AE1F9C400B80E77 /* Build configuration list for PBXNativeTarget "StarWarsEncyclopediaUITests" */ = {
			isa = XCConfigurationList;
			buildConfigurations = (
				60D9F93D2AE1F9C400B80E77 /* Debug */,
				60D9F93E2AE1F9C400B80E77 /* Release */,
			);
			defaultConfigurationIsVisible = 0;
			defaultConfigurationName = Release;
		};
/* End XCConfigurationList section */
	};
	rootObject = 60D9F90A2AE1F9BF00B80E77 /* Project object */;
}
